PODS:
  - ActionButton (0.1.5)
  - Alamofire (4.5.1)

DEPENDENCIES:
  - ActionButton
  - Alamofire

SPEC CHECKSUMS:
  ActionButton: a71147de5a83b6d8d8e18464b216904ba7821677
  Alamofire: 2d95912bf4c34f164fdfc335872e8c312acaea4a

PODFILE CHECKSUM: dcf85e48ef509a978a573bb20b9bf07c7210ac4e

COCOAPODS: 1.3.1
